PODS:
  - AdColony (3.1.1)
  - avocarrot-ios-dev/Banner (4.5.0-170703.122232):
    - avocarrot-ios-dev/Core
    - avocarrot-ios-dev/Mraid
  - avocarrot-ios-dev/BannerAdapters (4.5.0-170703.122232):
    - avocarrot-ios-dev/BannerAdapters/FBAudienceAdapter (= 4.5.0-170703.122232)
    - avocarrot-ios-dev/BannerAdapters/GoogleMobileAdsAdapter (= 4.5.0-170703.122232)
    - avocarrot-ios-dev/BannerAdapters/InLocoAdapter (= 4.5.0-170703.122232)
    - avocarrot-ios-dev/BannerAdapters/MopubAdapter (= 4.5.0-170703.122232)
  - avocarrot-ios-dev/BannerAdapters/FBAudienceAdapter (4.5.0-170703.122232):
    - avocarrot-ios-dev/Banner
    - avocarrot-ios-dev/CoreAdapters/FBAudienceAdapter
    - FBAudienceNetwork (~> 4.20)
  - avocarrot-ios-dev/BannerAdapters/GoogleMobileAdsAdapter (4.5.0-170703.122232):
    - avocarrot-ios-dev/Banner
    - avocarrot-ios-dev/CoreAdapters/GoogleMobileAdsAdapter
    - Google-Mobile-Ads-SDK (~> 7.19)
  - avocarrot-ios-dev/BannerAdapters/InLocoAdapter (4.5.0-170703.122232):
    - avocarrot-ios-dev/Banner
    - avocarrot-ios-dev/CoreAdapters/InLocoAdapter
    - InLocoMedia-Ads-SDK (~> 2.4)
  - avocarrot-ios-dev/BannerAdapters/MopubAdapter (4.5.0-170703.122232):
    - avocarrot-ios-dev/Banner
    - avocarrot-ios-dev/CoreAdapters/MopubAdapter
    - mopub-ios-sdk (~> 4.13)
  - avocarrot-ios-dev/Core (4.5.0-170703.122232)
  - avocarrot-ios-dev/CoreAdapters/AppLovinAdapter (4.5.0-170703.122232):
    - avocarrot-ios-dev/Core
  - avocarrot-ios-dev/CoreAdapters/ChartboostAdapter (4.5.0-170703.122232):
    - avocarrot-ios-dev/Core
    - ChartboostSDK (~> 6.6)
  - avocarrot-ios-dev/CoreAdapters/FBAudienceAdapter (4.5.0-170703.122232):
    - avocarrot-ios-dev/Core
    - FBAudienceNetwork (~> 4.20)
  - avocarrot-ios-dev/CoreAdapters/GoogleMobileAdsAdapter (4.5.0-170703.122232):
    - avocarrot-ios-dev/Core
    - Google-Mobile-Ads-SDK (~> 7.19)
  - avocarrot-ios-dev/CoreAdapters/InLocoAdapter (4.5.0-170703.122232):
    - avocarrot-ios-dev/Core
    - InLocoMedia-Ads-SDK (~> 2.4)
  - avocarrot-ios-dev/CoreAdapters/MopubAdapter (4.5.0-170703.122232):
    - avocarrot-ios-dev/Core
    - mopub-ios-sdk (~> 4.13)
  - avocarrot-ios-dev/CoreAdapters/NativeXAdapter (4.5.0-170703.122232):
    - avocarrot-ios-dev/Core
    - NativeX-iOS-SDK (~> 5.5)
  - avocarrot-ios-dev/Full (4.5.0-170703.122232):
    - avocarrot-ios-dev/BannerAdapters
    - avocarrot-ios-dev/Core
    - avocarrot-ios-dev/InterstitialAdapters
    - avocarrot-ios-dev/NativeAssets
    - avocarrot-ios-dev/NativeViewAdapters
    - avocarrot-ios-dev/VideoAdapters
  - avocarrot-ios-dev/Interstitial (4.5.0-170703.122232):
    - avocarrot-ios-dev/Core
    - avocarrot-ios-dev/Mraid
  - avocarrot-ios-dev/InterstitialAdapters (4.5.0-170703.122232):
    - avocarrot-ios-dev/InterstitialAdapters/AppLovinAdapter (= 4.5.0-170703.122232)
    - avocarrot-ios-dev/InterstitialAdapters/ChartboostAdapter (= 4.5.0-170703.122232)
    - avocarrot-ios-dev/InterstitialAdapters/FBAudienceAdapter (= 4.5.0-170703.122232)
    - avocarrot-ios-dev/InterstitialAdapters/GoogleMobileAdsAdapter (= 4.5.0-170703.122232)
    - avocarrot-ios-dev/InterstitialAdapters/InLocoAdapter (= 4.5.0-170703.122232)
    - avocarrot-ios-dev/InterstitialAdapters/MopubAdapter (= 4.5.0-170703.122232)
    - avocarrot-ios-dev/InterstitialAdapters/NativeXAdapter (= 4.5.0-170703.122232)
  - avocarrot-ios-dev/InterstitialAdapters/AppLovinAdapter (4.5.0-170703.122232):
    - avocarrot-ios-dev/CoreAdapters/AppLovinAdapter
    - avocarrot-ios-dev/Interstitial
  - avocarrot-ios-dev/InterstitialAdapters/ChartboostAdapter (4.5.0-170703.122232):
    - avocarrot-ios-dev/CoreAdapters/ChartboostAdapter
    - avocarrot-ios-dev/Interstitial
    - ChartboostSDK (~> 6.6)
  - avocarrot-ios-dev/InterstitialAdapters/FBAudienceAdapter (4.5.0-170703.122232):
    - avocarrot-ios-dev/CoreAdapters/FBAudienceAdapter
    - avocarrot-ios-dev/Interstitial
    - FBAudienceNetwork (~> 4.20)
  - avocarrot-ios-dev/InterstitialAdapters/GoogleMobileAdsAdapter (4.5.0-170703.122232):
    - avocarrot-ios-dev/CoreAdapters/GoogleMobileAdsAdapter
    - avocarrot-ios-dev/Interstitial
    - Google-Mobile-Ads-SDK (~> 7.19)
  - avocarrot-ios-dev/InterstitialAdapters/InLocoAdapter (4.5.0-170703.122232):
    - avocarrot-ios-dev/CoreAdapters/InLocoAdapter
    - avocarrot-ios-dev/Interstitial
    - InLocoMedia-Ads-SDK (~> 2.4)
  - avocarrot-ios-dev/InterstitialAdapters/MopubAdapter (4.5.0-170703.122232):
    - avocarrot-ios-dev/CoreAdapters/MopubAdapter
    - avocarrot-ios-dev/Interstitial
    - mopub-ios-sdk (~> 4.13)
  - avocarrot-ios-dev/InterstitialAdapters/NativeXAdapter (4.5.0-170703.122232):
    - avocarrot-ios-dev/CoreAdapters/NativeXAdapter
    - avocarrot-ios-dev/Interstitial
    - NativeX-iOS-SDK (~> 5.5)
  - avocarrot-ios-dev/Mraid (4.5.0-170703.122232):
    - avocarrot-ios-dev/Core
  - avocarrot-ios-dev/NativeAssets (4.5.0-170703.122232):
    - avocarrot-ios-dev/Core
  - avocarrot-ios-dev/NativeView (4.5.0-170703.122232):
    - avocarrot-ios-dev/Core
    - avocarrot-ios-dev/NativeAssets
    - avocarrot-ios-dev/Vast
  - avocarrot-ios-dev/NativeViewAdapters (4.5.0-170703.122232):
    - avocarrot-ios-dev/NativeViewAdapters/AppLovinAdapter (= 4.5.0-170703.122232)
    - avocarrot-ios-dev/NativeViewAdapters/FBAudienceAdapter (= 4.5.0-170703.122232)
    - avocarrot-ios-dev/NativeViewAdapters/GoogleMobileAdsAdapter (= 4.5.0-170703.122232)
    - avocarrot-ios-dev/NativeViewAdapters/InLocoAdapter (= 4.5.0-170703.122232)
    - avocarrot-ios-dev/NativeViewAdapters/MopubAdapter (= 4.5.0-170703.122232)
  - avocarrot-ios-dev/NativeViewAdapters/AppLovinAdapter (4.5.0-170703.122232):
    - avocarrot-ios-dev/CoreAdapters/AppLovinAdapter
    - avocarrot-ios-dev/NativeView
  - avocarrot-ios-dev/NativeViewAdapters/FBAudienceAdapter (4.5.0-170703.122232):
    - avocarrot-ios-dev/CoreAdapters/FBAudienceAdapter
    - avocarrot-ios-dev/NativeView
    - FBAudienceNetwork (~> 4.20)
  - avocarrot-ios-dev/NativeViewAdapters/GoogleMobileAdsAdapter (4.5.0-170703.122232):
    - avocarrot-ios-dev/CoreAdapters/GoogleMobileAdsAdapter
    - avocarrot-ios-dev/NativeView
    - Google-Mobile-Ads-SDK (~> 7.19)
  - avocarrot-ios-dev/NativeViewAdapters/InLocoAdapter (4.5.0-170703.122232):
    - avocarrot-ios-dev/CoreAdapters/InLocoAdapter
    - avocarrot-ios-dev/NativeView
    - InLocoMedia-Ads-SDK (~> 2.4)
  - avocarrot-ios-dev/NativeViewAdapters/MopubAdapter (4.5.0-170703.122232):
    - avocarrot-ios-dev/CoreAdapters/MopubAdapter
    - avocarrot-ios-dev/NativeView
    - mopub-ios-sdk (~> 4.13)
  - avocarrot-ios-dev/Vast (4.5.0-170703.122232):
    - avocarrot-ios-dev/Core
  - avocarrot-ios-dev/Video (4.5.0-170703.122232):
    - avocarrot-ios-dev/Core
    - avocarrot-ios-dev/Vast
  - avocarrot-ios-dev/VideoAdapters (4.5.0-170703.122232):
    - avocarrot-ios-dev/VideoAdapters/AdColonyAdapter (= 4.5.0-170703.122232)
    - avocarrot-ios-dev/VideoAdapters/ChartboostAdapter (= 4.5.0-170703.122232)
    - avocarrot-ios-dev/VideoAdapters/NativeXAdapter (= 4.5.0-170703.122232)
    - avocarrot-ios-dev/VideoAdapters/UnityAdsAdapter (= 4.5.0-170703.122232)
    - avocarrot-ios-dev/VideoAdapters/VungleAdapter (= 4.5.0-170703.122232)
  - avocarrot-ios-dev/VideoAdapters/AdColonyAdapter (4.5.0-170703.122232):
    - AdColony (~> 3.1)
    - avocarrot-ios-dev/Video
  - avocarrot-ios-dev/VideoAdapters/ChartboostAdapter (4.5.0-170703.122232):
    - avocarrot-ios-dev/CoreAdapters/ChartboostAdapter
    - avocarrot-ios-dev/Video
    - ChartboostSDK (~> 6.6)
  - avocarrot-ios-dev/VideoAdapters/NativeXAdapter (4.5.0-170703.122232):
    - avocarrot-ios-dev/CoreAdapters/NativeXAdapter
    - avocarrot-ios-dev/Video
    - NativeX-iOS-SDK (~> 5.5)
  - avocarrot-ios-dev/VideoAdapters/UnityAdsAdapter (4.5.0-170703.122232):
    - avocarrot-ios-dev/Video
    - UnityAds (~> 2.1)
  - avocarrot-ios-dev/VideoAdapters/VungleAdapter (4.5.0-170703.122232):
    - avocarrot-ios-dev/Video
    - VungleSDK-iOS (~> 3.2)
  - ChartboostSDK (6.6.3)
  - DZNSegmentedControl (1.3.3)
  - FBAudienceNetwork (4.24.0)
  - Google-Mobile-Ads-SDK (7.21.0)
  - InLocoMedia-Ads-SDK (2.4.4)
  - mopub-ios-sdk (4.15.0):
    - mopub-ios-sdk/MoPubSDK (= 4.15.0)
  - mopub-ios-sdk/MoPubSDK (4.15.0)
  - NativeX-iOS-SDK (5.5.9)
  - SDWebImage (4.0.0):
    - SDWebImage/Core (= 4.0.0)
  - SDWebImage/Core (4.0.0)
  - UnityAds (2.1.0)
  - VungleSDK-iOS (3.2.2)

DEPENDENCIES:
  - avocarrot-ios-dev/Full (~> 4.5.0-0)
  - DZNSegmentedControl
  - SDWebImage

SPEC CHECKSUMS:
  AdColony: 27bcddd3d79b24f61765dd799fcc666975f90daa
  avocarrot-ios-dev: 418d132928de439b231c2fc5c0f14986968cf72d
  ChartboostSDK: c0aefb3c25efcd1fa9a43fb45547ea98b323c95c
  DZNSegmentedControl: ecc2f31c5581cce10c4d766ea4bd2d0781814c1f
  FBAudienceNetwork: 740792924c6bcc5a59dc26fbafc9fd950bebed7d
  Google-Mobile-Ads-SDK: 4a6f1b43c8cc0e1e95a3b59d9f52a01671c6f9f3
  InLocoMedia-Ads-SDK: a3d30d51c67302015b1f0af6f696d69956c6650a
  mopub-ios-sdk: 9eaa695db56e85e6c54e06981aff2c18f034527c
  NativeX-iOS-SDK: 603e43a508b3c52658d78f073a8d54a8baf8d75d
  SDWebImage: 76a6348bdc74eb5a55dd08a091ef298e56b55e41
  UnityAds: 99645a5b7011c96d1e9204f8540ce66ea1b7dfb4
  VungleSDK-iOS: 1c9ac04299476b78e592221fe6cbc8e3fd5b7418

PODFILE CHECKSUM: d31ebac7c8da36333f56bbbf52e8e1790eccdaba

COCOAPODS: 1.2.1
