PODS:
  - AdColony (3.2.0)
  - avocarrot-ios-dev/Banner (4.6.0-170907.104348):
    - avocarrot-ios-dev/CoreNoInsights
    - avocarrot-ios-dev/Mraid
  - avocarrot-ios-dev/BannerAdapters (4.6.0-170907.104348):
    - avocarrot-ios-dev/BannerAdapters/FBAudienceAdapter (= 4.6.0-170907.104348)
    - avocarrot-ios-dev/BannerAdapters/GoogleMobileAdsAdapter (= 4.6.0-170907.104348)
    - avocarrot-ios-dev/BannerAdapters/InLocoAdapter (= 4.6.0-170907.104348)
    - avocarrot-ios-dev/BannerAdapters/MopubAdapter (= 4.6.0-170907.104348)
  - avocarrot-ios-dev/BannerAdapters/FBAudienceAdapter (4.6.0-170907.104348):
    - avocarrot-ios-dev/Banner
    - avocarrot-ios-dev/CoreAdapters/FBAudienceAdapter
    - FBAudienceNetwork (~> 4.24)
  - avocarrot-ios-dev/BannerAdapters/GoogleMobileAdsAdapter (4.6.0-170907.104348):
    - avocarrot-ios-dev/Banner
    - avocarrot-ios-dev/CoreAdapters/GoogleMobileAdsAdapter
    - Google-Mobile-Ads-SDK (~> 7.21)
  - avocarrot-ios-dev/BannerAdapters/InLocoAdapter (4.6.0-170907.104348):
    - avocarrot-ios-dev/Banner
    - avocarrot-ios-dev/CoreAdapters/InLocoAdapter
    - InLocoMedia-Ads-SDK (~> 2.4)
  - avocarrot-ios-dev/BannerAdapters/MopubAdapter (4.6.0-170907.104348):
    - avocarrot-ios-dev/Banner
    - avocarrot-ios-dev/CoreAdapters/MopubAdapter
    - mopub-ios-sdk/Core (~> 4.13)
  - avocarrot-ios-dev/Core (4.6.0-170907.104348):
    - avocarrot-ios-dev/CoreNoInsights
  - avocarrot-ios-dev/CoreAdapters/AppLovinAdapter (4.6.0-170907.104348):
    - avocarrot-ios-dev/CoreNoInsights
  - avocarrot-ios-dev/CoreAdapters/ChartboostAdapter (4.6.0-170907.104348):
    - avocarrot-ios-dev/CoreNoInsights
    - ChartboostSDK (~> 6.6)
  - avocarrot-ios-dev/CoreAdapters/FBAudienceAdapter (4.6.0-170907.104348):
    - avocarrot-ios-dev/CoreNoInsights
    - FBAudienceNetwork (~> 4.24)
  - avocarrot-ios-dev/CoreAdapters/GoogleMobileAdsAdapter (4.6.0-170907.104348):
    - avocarrot-ios-dev/CoreNoInsights
    - Google-Mobile-Ads-SDK (~> 7.21)
  - avocarrot-ios-dev/CoreAdapters/InLocoAdapter (4.6.0-170907.104348):
    - avocarrot-ios-dev/CoreNoInsights
    - InLocoMedia-Ads-SDK (~> 2.4)
  - avocarrot-ios-dev/CoreAdapters/MopubAdapter (4.6.0-170907.104348):
    - avocarrot-ios-dev/CoreNoInsights
    - mopub-ios-sdk/Core (~> 4.13)
  - avocarrot-ios-dev/CoreAdapters/NativeXAdapter (4.6.0-170907.104348):
    - avocarrot-ios-dev/CoreNoInsights
    - NativeX-iOS-SDK (~> 5.5)
  - avocarrot-ios-dev/CoreNoInsights (4.6.0-170907.104348)
  - avocarrot-ios-dev/Full (4.6.0-170907.104348):
    - avocarrot-ios-dev/BannerAdapters
    - avocarrot-ios-dev/Core
    - avocarrot-ios-dev/InterstitialAdapters
    - avocarrot-ios-dev/NativeAssets
    - avocarrot-ios-dev/NativeViewAdapters
    - avocarrot-ios-dev/VideoAdapters
  - avocarrot-ios-dev/Interstitial (4.6.0-170907.104348):
    - avocarrot-ios-dev/CoreNoInsights
    - avocarrot-ios-dev/Mraid
  - avocarrot-ios-dev/InterstitialAdapters (4.6.0-170907.104348):
    - avocarrot-ios-dev/InterstitialAdapters/AppLovinAdapter (= 4.6.0-170907.104348)
    - avocarrot-ios-dev/InterstitialAdapters/ChartboostAdapter (= 4.6.0-170907.104348)
    - avocarrot-ios-dev/InterstitialAdapters/FBAudienceAdapter (= 4.6.0-170907.104348)
    - avocarrot-ios-dev/InterstitialAdapters/GoogleMobileAdsAdapter (= 4.6.0-170907.104348)
    - avocarrot-ios-dev/InterstitialAdapters/InLocoAdapter (= 4.6.0-170907.104348)
    - avocarrot-ios-dev/InterstitialAdapters/MopubAdapter (= 4.6.0-170907.104348)
    - avocarrot-ios-dev/InterstitialAdapters/NativeXAdapter (= 4.6.0-170907.104348)
  - avocarrot-ios-dev/InterstitialAdapters/AppLovinAdapter (4.6.0-170907.104348):
    - avocarrot-ios-dev/CoreAdapters/AppLovinAdapter
    - avocarrot-ios-dev/Interstitial
  - avocarrot-ios-dev/InterstitialAdapters/ChartboostAdapter (4.6.0-170907.104348):
    - avocarrot-ios-dev/CoreAdapters/ChartboostAdapter
    - avocarrot-ios-dev/Interstitial
    - ChartboostSDK (~> 6.6)
  - avocarrot-ios-dev/InterstitialAdapters/FBAudienceAdapter (4.6.0-170907.104348):
    - avocarrot-ios-dev/CoreAdapters/FBAudienceAdapter
    - avocarrot-ios-dev/Interstitial
    - FBAudienceNetwork (~> 4.24)
  - avocarrot-ios-dev/InterstitialAdapters/GoogleMobileAdsAdapter (4.6.0-170907.104348):
    - avocarrot-ios-dev/CoreAdapters/GoogleMobileAdsAdapter
    - avocarrot-ios-dev/Interstitial
    - Google-Mobile-Ads-SDK (~> 7.21)
  - avocarrot-ios-dev/InterstitialAdapters/InLocoAdapter (4.6.0-170907.104348):
    - avocarrot-ios-dev/CoreAdapters/InLocoAdapter
    - avocarrot-ios-dev/Interstitial
    - InLocoMedia-Ads-SDK (~> 2.4)
  - avocarrot-ios-dev/InterstitialAdapters/MopubAdapter (4.6.0-170907.104348):
    - avocarrot-ios-dev/CoreAdapters/MopubAdapter
    - avocarrot-ios-dev/Interstitial
    - mopub-ios-sdk/Core (~> 4.13)
  - avocarrot-ios-dev/InterstitialAdapters/NativeXAdapter (4.6.0-170907.104348):
    - avocarrot-ios-dev/CoreAdapters/NativeXAdapter
    - avocarrot-ios-dev/Interstitial
    - NativeX-iOS-SDK (~> 5.5)
  - avocarrot-ios-dev/Mraid (4.6.0-170907.104348):
    - avocarrot-ios-dev/CoreNoInsights
  - avocarrot-ios-dev/NativeAssets (4.6.0-170907.104348):
    - avocarrot-ios-dev/CoreNoInsights
  - avocarrot-ios-dev/NativeView (4.6.0-170907.104348):
    - avocarrot-ios-dev/CoreNoInsights
    - avocarrot-ios-dev/NativeAssets
    - avocarrot-ios-dev/Vast
  - avocarrot-ios-dev/NativeViewAdapters (4.6.0-170907.104348):
    - avocarrot-ios-dev/NativeViewAdapters/AppLovinAdapter (= 4.6.0-170907.104348)
    - avocarrot-ios-dev/NativeViewAdapters/FBAudienceAdapter (= 4.6.0-170907.104348)
    - avocarrot-ios-dev/NativeViewAdapters/GoogleMobileAdsAdapter (= 4.6.0-170907.104348)
    - avocarrot-ios-dev/NativeViewAdapters/InLocoAdapter (= 4.6.0-170907.104348)
    - avocarrot-ios-dev/NativeViewAdapters/MopubAdapter (= 4.6.0-170907.104348)
  - avocarrot-ios-dev/NativeViewAdapters/AppLovinAdapter (4.6.0-170907.104348):
    - avocarrot-ios-dev/CoreAdapters/AppLovinAdapter
    - avocarrot-ios-dev/NativeView
  - avocarrot-ios-dev/NativeViewAdapters/FBAudienceAdapter (4.6.0-170907.104348):
    - avocarrot-ios-dev/CoreAdapters/FBAudienceAdapter
    - avocarrot-ios-dev/NativeView
    - FBAudienceNetwork (~> 4.24)
  - avocarrot-ios-dev/NativeViewAdapters/GoogleMobileAdsAdapter (4.6.0-170907.104348):
    - avocarrot-ios-dev/CoreAdapters/GoogleMobileAdsAdapter
    - avocarrot-ios-dev/NativeView
    - Google-Mobile-Ads-SDK (~> 7.21)
  - avocarrot-ios-dev/NativeViewAdapters/InLocoAdapter (4.6.0-170907.104348):
    - avocarrot-ios-dev/CoreAdapters/InLocoAdapter
    - avocarrot-ios-dev/NativeView
    - InLocoMedia-Ads-SDK (~> 2.4)
  - avocarrot-ios-dev/NativeViewAdapters/MopubAdapter (4.6.0-170907.104348):
    - avocarrot-ios-dev/CoreAdapters/MopubAdapter
    - avocarrot-ios-dev/NativeView
    - mopub-ios-sdk/Core (~> 4.13)
  - avocarrot-ios-dev/Vast (4.6.0-170907.104348):
    - avocarrot-ios-dev/CoreNoInsights
  - avocarrot-ios-dev/Video (4.6.0-170907.104348):
    - avocarrot-ios-dev/CoreNoInsights
    - avocarrot-ios-dev/Vast
  - avocarrot-ios-dev/VideoAdapters (4.6.0-170907.104348):
    - avocarrot-ios-dev/VideoAdapters/AdColonyAdapter (= 4.6.0-170907.104348)
    - avocarrot-ios-dev/VideoAdapters/ChartboostAdapter (= 4.6.0-170907.104348)
    - avocarrot-ios-dev/VideoAdapters/NativeXAdapter (= 4.6.0-170907.104348)
    - avocarrot-ios-dev/VideoAdapters/UnityAdsAdapter (= 4.6.0-170907.104348)
    - avocarrot-ios-dev/VideoAdapters/VungleAdapter (= 4.6.0-170907.104348)
  - avocarrot-ios-dev/VideoAdapters/AdColonyAdapter (4.6.0-170907.104348):
    - AdColony (~> 3.1)
    - avocarrot-ios-dev/Video
  - avocarrot-ios-dev/VideoAdapters/ChartboostAdapter (4.6.0-170907.104348):
    - avocarrot-ios-dev/CoreAdapters/ChartboostAdapter
    - avocarrot-ios-dev/Video
    - ChartboostSDK (~> 6.6)
  - avocarrot-ios-dev/VideoAdapters/NativeXAdapter (4.6.0-170907.104348):
    - avocarrot-ios-dev/CoreAdapters/NativeXAdapter
    - avocarrot-ios-dev/Video
    - NativeX-iOS-SDK (~> 5.5)
  - avocarrot-ios-dev/VideoAdapters/UnityAdsAdapter (4.6.0-170907.104348):
    - avocarrot-ios-dev/Video
    - UnityAds (~> 2.1)
  - avocarrot-ios-dev/VideoAdapters/VungleAdapter (4.6.0-170907.104348):
    - avocarrot-ios-dev/Video
    - VungleSDK-iOS (~> 3.2)
  - ChartboostSDK (6.6.3)
  - DZNSegmentedControl (1.3.3)
  - FBAudienceNetwork (4.25.0)
  - Google-Mobile-Ads-SDK (7.23.0)
  - InLocoMedia-Ads-SDK (2.4.4)
  - mopub-ios-sdk/Core (4.16.0)
  - NativeX-iOS-SDK (5.5.9)
  - SDWebImage (4.1.0):
    - SDWebImage/Core (= 4.1.0)
  - SDWebImage/Core (4.1.0)
  - UnityAds (2.1.0)
  - VungleSDK-iOS (3.2.2)

DEPENDENCIES:
  - avocarrot-ios-dev/Full (~> 4.6.0-0)
  - DZNSegmentedControl
  - SDWebImage

SPEC CHECKSUMS:
  AdColony: c470eed14e66670550c54de109d096040467a445
  avocarrot-ios-dev: d3d89796b429f0a2513535aa4434f9e64a7fe280
  ChartboostSDK: c0aefb3c25efcd1fa9a43fb45547ea98b323c95c
  DZNSegmentedControl: ecc2f31c5581cce10c4d766ea4bd2d0781814c1f
  FBAudienceNetwork: b0e2a46cca38ca0d17d8aebcc4765d628203ee9b
  Google-Mobile-Ads-SDK: a43dc8efdb566c74d00ac6934c781de969348d80
  InLocoMedia-Ads-SDK: a3d30d51c67302015b1f0af6f696d69956c6650a
  mopub-ios-sdk: d656c7b5ccecc309115ac1ea280de76c72a301f7
  NativeX-iOS-SDK: 603e43a508b3c52658d78f073a8d54a8baf8d75d
  SDWebImage: 0e435c14e402a6730315a0fb79f95e68654d55a4
  UnityAds: 99645a5b7011c96d1e9204f8540ce66ea1b7dfb4
  VungleSDK-iOS: 1c9ac04299476b78e592221fe6cbc8e3fd5b7418

PODFILE CHECKSUM: 3b6a8da02e7071fe0412c7d18c692d13208a1d7e

COCOAPODS: 1.3.1
